
Microsoft Visual Studio Solution File, Format Version 12.00
# Visual Studio Version 16
VisualStudioVersion = 16.0.30204.135
MinimumVisualStudioVersion = 10.0.40219.1
Project("{FAE04EC0-301F-11D3-BF4B-00C04F79EFBC}") = "FN.Store.UI", "FN.Store.UI\FN.Store.UI.csproj", "{C66DDE25-E184-4DEE-A9FE-AEA23498CF7D}"
EndProject
Project("{FAE04EC0-301F-11D3-BF4B-00C04F79EFBC}") = "FN.Store.Domain", "FN.Store.Domain\FN.Store.Domain.csproj", "{DEFBA942-6D6A-408A-BE61-1D2CB853079C}"
EndProject
Project("{FAE04EC0-301F-11D3-BF4B-00C04F79EFBC}") = "FN.Store.Data", "FN.Store.Data\FN.Store.Data.csproj", "{84A9088D-E253-4FE6-82FF-44ED6541C40E}"
EndProject
Global
	GlobalSection(SolutionConfigurationPlatforms) = preSolution
		Debug|Any CPU = Debug|Any CPU
		Release|Any CPU = Release|Any CPU
	EndGlobalSection
	GlobalSection(ProjectConfigurationPlatforms) = postSolution
		{C66DDE25-E184-4DEE-A9FE-AEA23498CF7D}.Debug|Any CPU.ActiveCfg = Debug|Any CPU
		{C66DDE25-E184-4DEE-A9FE-AEA23498CF7D}.Debug|Any CPU.Build.0 = Debug|Any CPU
		{C66DDE25-E184-4DEE-A9FE-AEA23498CF7D}.Release|Any CPU.ActiveCfg = Release|Any CPU
		{C66DDE25-E184-4DEE-A9FE-AEA23498CF7D}.Release|Any CPU.Build.0 = Release|Any CPU
		{DEFBA942-6D6A-408A-BE61-1D2CB853079C}.Debug|Any CPU.ActiveCfg = Debug|Any CPU
		{DEFBA942-6D6A-408A-BE61-1D2CB853079C}.Debug|Any CPU.Build.0 = Debug|Any CPU
		{DEFBA942-6D6A-408A-BE61-1D2CB853079C}.Release|Any CPU.ActiveCfg = Release|Any CPU
		{DEFBA942-6D6A-408A-BE61-1D2CB853079C}.Release|Any CPU.Build.0 = Release|Any CPU
		{84A9088D-E253-4FE6-82FF-44ED6541C40E}.Debug|Any CPU.ActiveCfg = Debug|Any CPU
		{84A9088D-E253-4FE6-82FF-44ED6541C40E}.Debug|Any CPU.Build.0 = Debug|Any CPU
		{84A9088D-E253-4FE6-82FF-44ED6541C40E}.Release|Any CPU.ActiveCfg = Release|Any CPU
		{84A9088D-E253-4FE6-82FF-44ED6541C40E}.Release|Any CPU.Build.0 = Release|Any CPU
	EndGlobalSection
	GlobalSection(SolutionProperties) = preSolution
		HideSolutionNode = FALSE
	EndGlobalSection
	GlobalSection(ExtensibilityGlobals) = postSolution
		SolutionGuid = {B41EF86D-AA66-4654-9A17-3EB60321C12B}
	EndGlobalSection
EndGlobal
